
Microsoft Visual Studio Solution File, Format Version 12.00
# Visual Studio Version 16
VisualStudioVersion = 16.0.32407.337
MinimumVisualStudioVersion = 10.0.40219.1
Project("{FAE04EC0-301F-11D3-BF4B-00C04F79EFBC}") = "Cwiczenia 10", "Cwiczenia 10.csproj", "{82866F1E-B6A2-4EEF-B18B-6DD3751D53F4}"
EndProject
Global
	GlobalSection(SolutionConfigurationPlatforms) = preSolution
		Debug|Any CPU = Debug|Any CPU
		Release|Any CPU = Release|Any CPU
	EndGlobalSection
	GlobalSection(ProjectConfigurationPlatforms) = postSolution
		{82866F1E-B6A2-4EEF-B18B-6DD3751D53F4}.Debug|Any CPU.ActiveCfg = Debug|Any CPU
		{82866F1E-B6A2-4EEF-B18B-6DD3751D53F4}.Debug|Any CPU.Build.0 = Debug|Any CPU
		{82866F1E-B6A2-4EEF-B18B-6DD3751D53F4}.Release|Any CPU.ActiveCfg = Release|Any CPU
		{82866F1E-B6A2-4EEF-B18B-6DD3751D53F4}.Release|Any CPU.Build.0 = Release|Any CPU
	EndGlobalSection
	GlobalSection(SolutionProperties) = preSolution
		HideSolutionNode = FALSE
	EndGlobalSection
	GlobalSection(ExtensibilityGlobals) = postSolution
		SolutionGuid = {14CB99F4-1A24-4CED-B4F5-1365E59D21BB}
	EndGlobalSection
EndGlobal
